// !$*UTF8*$!
{
	archiveVersion = 1;
	classes = {
	};
	objectVersion = 46;
	objects = {

/* Begin PBXBuildFile section */
		6374E22B1D929C0A005EF0D4 /* main.m in Sources */ = {isa = PBXBuildFile; fileRef = 6374E22A1D929C0A005EF0D4 /* main.m */; };
		6374E22E1D929C0A005EF0D4 /* AppDelegate.m in Sources */ = {isa = PBXBuildFile; fileRef = 6374E22D1D929C0A005EF0D4 /* AppDelegate.m */; };
		6374E2311D929C0A005EF0D4 /* ViewController.m in Sources */ = {isa = PBXBuildFile; fileRef = 6374E2301D929C0A005EF0D4 /* ViewController.m */; };
		6374E2341D929C0A005EF0D4 /* Main.storyboard in Resources */ = {isa = PBXBuildFile; fileRef = 6374E2321D929C0A005EF0D4 /* Main.storyboard */; };
		6374E2361D929C0A005EF0D4 /* Assets.xcassets in Resources */ = {isa = PBXBuildFile; fileRef = 6374E2351D929C0A005EF0D4 /* Assets.xcassets */; };
		6374E2391D929C0A005EF0D4 /* LaunchScreen.storyboard in Resources */ = {isa = PBXBuildFile; fileRef = 6374E2371D929C0A005EF0D4 /* LaunchScreen.storyboard */; };
		6374E2421D929C68005EF0D4 /* secondViewController.m in Sources */ = {isa = PBXBuildFile; fileRef = 6374E2411D929C68005EF0D4 /* secondViewController.m */; };
/* End PBXBuildFile section */

/* Begin PBXFileReference section */
		6374E2261D929C0A005EF0D4 /* LoginAPP.app */ = {isa = PBXFileReference; explicitFileType = wrapper.application; includeInIndex = 0; path = LoginAPP.app; sourceTree = BUILT_PRODUCTS_DIR; };
		6374E22A1D929C0A005EF0D4 /* main.m */ = {isa = PBXFileReference; lastKnownFileType = sourcecode.c.objc; path = main.m; sourceTree = "<group>"; };
		6374E22C1D929C0A005EF0D4 /* AppDelegate.h */ = {isa = PBXFileReference; lastKnownFileType = sourcecode.c.h; path = AppDelegate.h; sourceTree = "<group>"; };
		6374E22D1D929C0A005EF0D4 /* AppDelegate.m */ = {isa = PBXFileReference; lastKnownFileType = sourcecode.c.objc; path = AppDelegate.m; sourceTree = "<group>"; };
		6374E22F1D929C0A005EF0D4 /* ViewController.h */ = {isa = PBXFileReference; lastKnownFileType = sourcecode.c.h; path = ViewController.h; sourceTree = "<group>"; };
		6374E2301D929C0A005EF0D4 /* ViewController.m */ = {isa = PBXFileReference; lastKnownFileType = sourcecode.c.objc; path = ViewController.m; sourceTree = "<group>"; };
		6374E2331D929C0A005EF0D4 /* Base */ = {isa = PBXFileReference; lastKnownFileType = file.storyboard; name = Base; path = Base.lproj/Main.storyboard; sourceTree = "<group>"; };
		6374E2351D929C0A005EF0D4 /* Assets.xcassets */ = {isa = PBXFileReference; lastKnownFileType = folder.assetcatalog; path = Assets.xcassets; sourceTree = "<group>"; };
		6374E2381D929C0A005EF0D4 /* Base */ = {isa = PBXFileReference; lastKnownFileType = file.storyboard; name = Base; path = Base.lproj/LaunchScreen.storyboard; sourceTree = "<group>"; };
		6374E23A1D929C0A005EF0D4 /* Info.plist */ = {isa = PBXFileReference; lastKnownFileType = text.plist.xml; path = Info.plist; sourceTree = "<group>"; };
		6374E2401D929C68005EF0D4 /* secondViewController.h */ = {isa = PBXFileReference; fileEncoding = 4; lastKnownFileType = sourcecode.c.h; path = secondViewController.h; sourceTree = "<group>"; };
		6374E2411D929C68005EF0D4 /* secondViewController.m */ = {isa = PBXFileReference; fileEncoding = 4; lastKnownFileType = sourcecode.c.objc; path = secondViewController.m; sourceTree = "<group>"; };
/* End PBXFileReference section */

/* Begin PBXFrameworksBuildPhase section */
		6374E2231D929C0A005EF0D4 /* Frameworks */ = {
			isa = PBXFrameworksBuildPhase;
			buildActionMask = 2147483647;
			files = (
			);
			runOnlyForDeploymentPostprocessing = 0;
		};
/* End PBXFrameworksBuildPhase section */

/* Begin PBXGroup section */
		6374E21D1D929C0A005EF0D4 = {
			isa = PBXGroup;
			children = (
				6374E2281D929C0A005EF0D4 /* LoginAPP */,
				6374E2271D929C0A005EF0D4 /* Products */,
			);
			sourceTree = "<group>";
		};
		6374E2271D929C0A005EF0D4 /* Products */ = {
			isa = PBXGroup;
			children = (
				6374E2261D929C0A005EF0D4 /* LoginAPP.app */,
			);
			name = Products;
			sourceTree = "<group>";
		};
		6374E2281D929C0A005EF0D4 /* LoginAPP */ = {
			isa = PBXGroup;
			children = (
				6374E22C1D929C0A005EF0D4 /* AppDelegate.h */,
				6374E22D1D929C0A005EF0D4 /* AppDelegate.m */,
				6374E22F1D929C0A005EF0D4 /* ViewController.h */,
				6374E2301D929C0A005EF0D4 /* ViewController.m */,
				6374E2321D929C0A005EF0D4 /* Main.storyboard */,
				6374E2401D929C68005EF0D4 /* secondViewController.h */,
				6374E2411D929C68005EF0D4 /* secondViewController.m */,
				6374E2351D929C0A005EF0D4 /* Assets.xcassets */,
				6374E2371D929C0A005EF0D4 /* LaunchScreen.storyboard */,
				6374E23A1D929C0A005EF0D4 /* Info.plist */,
				6374E2291D929C0A005EF0D4 /* Supporting Files */,
			);
			path = LoginAPP;
			sourceTree = "<group>";
		};
		6374E2291D929C0A005EF0D4 /* Supporting Files */ = {
			isa = PBXGroup;
			children = (
				6374E22A1D929C0A005EF0D4 /* main.m */,
			);
			name = "Supporting Files";
			sourceTree = "<group>";
		};
/* End PBXGroup section */

/* Begin PBXNativeTarget section */
		6374E2251D929C0A005EF0D4 /* LoginAPP */ = {
			isa = PBXNativeTarget;
			buildConfigurationList = 6374E23D1D929C0A005EF0D4 /* Build configuration list for PBXNativeTarget "LoginAPP" */;
			buildPhases = (
				6374E2221D929C0A005EF0D4 /* Sources */,
				6374E2231D929C0A005EF0D4 /* Frameworks */,
				6374E2241D929C0A005EF0D4 /* Resources */,
			);
			buildRules = (
			);
			dependencies = (
			);
			name = LoginAPP;
			productName = LoginAPP;
			productReference = 6374E2261D929C0A005EF0D4 /* LoginAPP.app */;
			productType = "com.apple.product-type.application";
		};
/* End PBXNativeTarget section */

/* Begin PBXProject section */
		6374E21E1D929C0A005EF0D4 /* Project object */ = {
			isa = PBXProject;
			attributes = {
				LastUpgradeCheck = 0730;
				ORGANIZATIONNAME = Gunjan;
				TargetAttributes = {
					6374E2251D929C0A005EF0D4 = {
						CreatedOnToolsVersion = 7.3.1;
					};
				};
			};
			buildConfigurationList = 6374E2211D929C0A005EF0D4 /* Build configuration list for PBXProject "LoginAPP" */;
			compatibilityVersion = "Xcode 3.2";
			developmentRegion = English;
			hasScannedForEncodings = 0;
			knownRegions = (
				en,
				Base,
			);
			mainGroup = 6374E21D1D929C0A005EF0D4;
			productRefGroup = 6374E2271D929C0A005EF0D4 /* Products */;
			projectDirPath = "";
			projectRoot = "";
			targets = (
				6374E2251D929C0A005EF0D4 /* LoginAPP */,
			);
		};
/* End PBXProject section */

/* Begin PBXResourcesBuildPhase section */
		6374E2241D929C0A005EF0D4 /* Resources */ = {
			isa = PBXResourcesBuildPhase;
			buildActionMask = 2147483647;
			files = (
				6374E2391D929C0A005EF0D4 /* LaunchScreen.storyboard in Resources */,
				6374E2361D929C0A005EF0D4 /* Assets.xcassets in Resources */,
				6374E2341D929C0A005EF0D4 /* Main.storyboard in Resources */,
			);
			runOnlyForDeploymentPostprocessing = 0;
		};
/* End PBXResourcesBuildPhase section */

/* Begin PBXSourcesBuildPhase section */
		6374E2221D929C0A005EF0D4 /* Sources */ = {
			isa = PBXSourcesBuildPhase;
			buildActionMask = 2147483647;
			files = (
				6374E2421D929C68005EF0D4 /* secondViewController.m in Sources */,
				6374E2311D929C0A005EF0D4 /* ViewController.m in Sources */,
				6374E22E1D929C0A005EF0D4 /* AppDelegate.m in Sources */,
				6374E22B1D929C0A005EF0D4 /* main.m in Sources */,
			);
			runOnlyForDeploymentPostprocessing = 0;
		};
/* End PBXSourcesBuildPhase section */

/* Begin PBXVariantGroup section */
		6374E2321D929C0A005EF0D4 /* Main.storyboard */ = {
			isa = PBXVariantGroup;
			children = (
				6374E2331D929C0A005EF0D4 /* Base */,
			);
			name = Main.storyboard;
			sourceTree = "<group>";
		};
		6374E2371D929C0A005EF0D4 /* LaunchScreen.storyboard */ = {
			isa = PBXVariantGroup;
			children = (
				6374E2381D929C0A005EF0D4 /* Base */,
			);
			name = LaunchScreen.storyboard;
			sourceTree = "<group>";
		};
/* End PBXVariantGroup section */

/* Begin XCBuildConfiguration section */
		6374E23B1D929C0A005EF0D4 /* Debug */ = {
			isa = XCBuildConfiguration;
			buildSettings = {
				ALWAYS_SEARCH_USER_PATHS = NO;
				CLANG_ANALYZER_NONNULL = YES;
				CLANG_CXX_LANGUAGE_STANDARD = "gnu++0x";
				CLANG_CXX_LIBRARY = "libc++";
				CLANG_ENABLE_MODULES = YES;
				CLANG_ENABLE_OBJC_ARC = YES;
				CLANG_WARN_BOOL_CONVERSION = YES;
				CLANG_WARN_CONSTANT_CONVERSION = YES;
				CLANG_WARN_DIRECT_OBJC_ISA_USAGE = YES_ERROR;
				CLANG_WARN_EMPTY_BODY = YES;
				CLANG_WARN_ENUM_CONVERSION = YES;
				CLANG_WARN_INT_CONVERSION = YES;
				CLANG_WARN_OBJC_ROOT_CLASS = YES_ERROR;
				CLANG_WARN_UNREACHABLE_CODE = YES;
				CLANG_WARN__DUPLICATE_METHOD_MATCH = YES;
				"CODE_SIGN_IDENTITY[sdk=iphoneos*]" = "iPhone Developer";
				COPY_PHASE_STRIP = NO;
				DEBUG_INFORMATION_FORMAT = dwarf;
				ENABLE_STRICT_OBJC_MSGSEND = YES;
				ENABLE_TESTABILITY = YES;
				GCC_C_LANGUAGE_STANDARD = gnu99;
				GCC_DYNAMIC_NO_PIC = NO;
				GCC_NO_COMMON_BLOCKS = YES;
				GCC_OPTIMIZATION_LEVEL = 0;
				GCC_PREPROCESSOR_DEFINITIONS = (
					"DEBUG=1",
					"$(inherited)",
				);
				GCC_WARN_64_TO_32_BIT_CONVERSION = YES;
				GCC_WARN_ABOUT_RETURN_TYPE = YES_ERROR;
				GCC_WARN_UNDECLARED_SELECTOR = YES;
				GCC_WARN_UNINITIALIZED_AUTOS = YES_AGGRESSIVE;
				GCC_WARN_UNUSED_FUNCTION = YES;
				GCC_WARN_UNUSED_VARIABLE = YES;
				IPHONEOS_DEPLOYMENT_TARGET = 9.3;
				MTL_ENABLE_DEBUG_INFO = YES;
				ONLY_ACTIVE_ARCH = YES;
				SDKROOT = iphoneos;
				TARGETED_DEVICE_FAMILY = "1,2";
			};
			name = Debug;
		};
		6374E23C1D929C0A005EF0D4 /* Release */ = {
			isa = XCBuildConfiguration;
			buildSettings = {
				ALWAYS_SEARCH_USER_PATHS = NO;
				CLANG_ANALYZER_NONNULL = YES;
				CLANG_CXX_LANGUAGE_STANDARD = "gnu++0x";
				CLANG_CXX_LIBRARY = "libc++";
				CLANG_ENABLE_MODULES = YES;
				CLANG_ENABLE_OBJC_ARC = YES;
				CLANG_WARN_BOOL_CONVERSION = YES;
				CLANG_WARN_CONSTANT_CONVERSION = YES;
				CLANG_WARN_DIRECT_OBJC_ISA_USAGE = YES_ERROR;
				CLANG_WARN_EMPTY_BODY = YES;
				CLANG_WARN_ENUM_CONVERSION = YES;
				CLANG_WARN_INT_CONVERSION = YES;
				CLANG_WARN_OBJC_ROOT_CLASS = YES_ERROR;
				CLANG_WARN_UNREACHABLE_CODE = YES;
				CLANG_WARN__DUPLICATE_METHOD_MATCH = YES;
				"CODE_SIGN_IDENTITY[sdk=iphoneos*]" = "iPhone Developer";
				COPY_PHASE_STRIP = NO;
				DEBUG_INFORMATION_FORMAT = "dwarf-with-dsym";
				ENABLE_NS_ASSERTIONS = NO;
				ENABLE_STRICT_OBJC_MSGSEND = YES;
				GCC_C_LANGUAGE_STANDARD = gnu99;
				GCC_NO_COMMON_BLOCKS = YES;
				GCC_WARN_64_TO_32_BIT_CONVERSION = YES;
				GCC_WARN_ABOUT_RETURN_TYPE = YES_ERROR;
				GCC_WARN_UNDECLARED_SELECTOR = YES;
				GCC_WARN_UNINITIALIZED_AUTOS = YES_AGGRESSIVE;
				GCC_WARN_UNUSED_FUNCTION = YES;
				GCC_WARN_UNUSED_VARIABLE = YES;
				IPHONEOS_DEPLOYMENT_TARGET = 9.3;
				MTL_ENABLE_DEBUG_INFO = NO;
				SDKROOT = iphoneos;
				TARGETED_DEVICE_FAMILY = "1,2";
				VALIDATE_PRODUCT = YES;
			};
			name = Release;
		};
		6374E23E1D929C0A005EF0D4 /* Debug */ = {
			isa = XCBuildConfiguration;
			buildSettings = {
				ASSETCATALOG_COMPILER_APPICON_NAME = AppIcon;
				INFOPLIST_FILE = LoginAPP/Info.plist;
				LD_RUNPATH_SEARCH_PATHS = "$(inherited) @executable_path/Frameworks";
				PRODUCT_BUNDLE_IDENTIFIER = com.felix.LoginAPP;
				PRODUCT_NAME = "$(TARGET_NAME)";
			};
			name = Debug;
		};
		6374E23F1D929C0A005EF0D4 /* Release */ = {
			isa = XCBuildConfiguration;
			buildSettings = {
				ASSETCATALOG_COMPILER_APPICON_NAME = AppIcon;
				INFOPLIST_FILE = LoginAPP/Info.plist;
				LD_RUNPATH_SEARCH_PATHS = "$(inherited) @executable_path/Frameworks";
				PRODUCT_BUNDLE_IDENTIFIER = com.felix.LoginAPP;
				PRODUCT_NAME = "$(TARGET_NAME)";
			};
			name = Release;
		};
/* End XCBuildConfiguration section */

/* Begin XCConfigurationList section */
		6374E2211D929C0A005EF0D4 /* Build configuration list for PBXProject "LoginAPP" */ = {
			isa = XCConfigurationList;
			buildConfigurations = (
				6374E23B1D929C0A005EF0D4 /* Debug */,
				6374E23C1D929C0A005EF0D4 /* Release */,
			);
			defaultConfigurationIsVisible = 0;
			defaultConfigurationName = Release;
		};
		6374E23D1D929C0A005EF0D4 /* Build configuration list for PBXNativeTarget "LoginAPP" */ = {
			isa = XCConfigurationList;
			buildConfigurations = (
				6374E23E1D929C0A005EF0D4 /* Debug */,
				6374E23F1D929C0A005EF0D4 /* Release */,
			);
			defaultConfigurationIsVisible = 0;
		};
/* End XCConfigurationList section */
	};
	rootObject = 6374E21E1D929C0A005EF0D4 /* Project object */;
}
